
Microsoft Visual Studio Solution File, Format Version 12.00
# Visual Studio 15
VisualStudioVersion = 15.0.28307.1062
MinimumVisualStudioVersion = 10.0.40219.1
Project("{F184B08F-C81C-45F6-A57F-5ABD9991F28F}") = "CoJ", "CoJ\CoJ.vbproj", "{ABCF4B83-8434-4861-AC96-915FAFF2DBBD}"
EndProject
Global
	GlobalSection(SolutionConfigurationPlatforms) = preSolution
		Debug|Any CPU = Debug|Any CPU
		Release|Any CPU = Release|Any CPU
	EndGlobalSection
	GlobalSection(ProjectConfigurationPlatforms) = postSolution
		{ABCF4B83-8434-4861-AC96-915FAFF2DBBD}.Debug|Any CPU.ActiveCfg = Debug|Any CPU
		{ABCF4B83-8434-4861-AC96-915FAFF2DBBD}.Debug|Any CPU.Build.0 = Debug|Any CPU
		{ABCF4B83-8434-4861-AC96-915FAFF2DBBD}.Release|Any CPU.ActiveCfg = Release|Any CPU
		{ABCF4B83-8434-4861-AC96-915FAFF2DBBD}.Release|Any CPU.Build.0 = Release|Any CPU
	EndGlobalSection
	GlobalSection(SolutionProperties) = preSolution
		HideSolutionNode = FALSE
	EndGlobalSection
	GlobalSection(ExtensibilityGlobals) = postSolution
		SolutionGuid = {13936F1D-2D42-4D60-B0EF-59E4556C8271}
	EndGlobalSection
EndGlobal
